
Microsoft Visual Studio Solution File, Format Version 12.00
# Visual Studio 15
VisualStudioVersion = 15.0.28307.421
MinimumVisualStudioVersion = 10.0.40219.1
Project("{8BC9CEB8-8B4A-11D0-8D11-00A0C91BC942}") = "mipe3d", "mipe3d\mipe3d.vcxproj", "{ED71E128-15BD-433E-977F-7A1844B2C643}"
EndProject
Project("{8BC9CEB8-8B4A-11D0-8D11-00A0C91BC942}") = "example", "example\example.vcxproj", "{E49AC48E-8F8F-45A2-811C-C50480E248D6}"
	ProjectSection(ProjectDependencies) = postProject
		{ED71E128-15BD-433E-977F-7A1844B2C643} = {ED71E128-15BD-433E-977F-7A1844B2C643}
	EndProjectSection
EndProject
Global
	GlobalSection(SolutionConfigurationPlatforms) = preSolution
		Debug|x64 = Debug|x64
		Debug|x86 = Debug|x86
		Release|x64 = Release|x64
		Release|x86 = Release|x86
	EndGlobalSection
	GlobalSection(ProjectConfigurationPlatforms) = postSolution
		{ED71E128-15BD-433E-977F-7A1844B2C643}.Debug|x64.ActiveCfg = Debug|x64
		{ED71E128-15BD-433E-977F-7A1844B2C643}.Debug|x64.Build.0 = Debug|x64
		{ED71E128-15BD-433E-977F-7A1844B2C643}.Debug|x86.ActiveCfg = Debug|Win32
		{ED71E128-15BD-433E-977F-7A1844B2C643}.Debug|x86.Build.0 = Debug|Win32
		{ED71E128-15BD-433E-977F-7A1844B2C643}.Release|x64.ActiveCfg = Release|x64
		{ED71E128-15BD-433E-977F-7A1844B2C643}.Release|x64.Build.0 = Release|x64
		{ED71E128-15BD-433E-977F-7A1844B2C643}.Release|x86.ActiveCfg = Release|Win32
		{ED71E128-15BD-433E-977F-7A1844B2C643}.Release|x86.Build.0 = Release|Win32
		{E49AC48E-8F8F-45A2-811C-C50480E248D6}.Debug|x64.ActiveCfg = Debug|x64
		{E49AC48E-8F8F-45A2-811C-C50480E248D6}.Debug|x64.Build.0 = Debug|x64
		{E49AC48E-8F8F-45A2-811C-C50480E248D6}.Debug|x86.ActiveCfg = Debug|Win32
		{E49AC48E-8F8F-45A2-811C-C50480E248D6}.Debug|x86.Build.0 = Debug|Win32
		{E49AC48E-8F8F-45A2-811C-C50480E248D6}.Release|x64.ActiveCfg = Release|x64
		{E49AC48E-8F8F-45A2-811C-C50480E248D6}.Release|x64.Build.0 = Release|x64
		{E49AC48E-8F8F-45A2-811C-C50480E248D6}.Release|x86.ActiveCfg = Release|Win32
		{E49AC48E-8F8F-45A2-811C-C50480E248D6}.Release|x86.Build.0 = Release|Win32
	EndGlobalSection
	GlobalSection(SolutionProperties) = preSolution
		HideSolutionNode = FALSE
	EndGlobalSection
	GlobalSection(ExtensibilityGlobals) = postSolution
		SolutionGuid = {5183B338-DED9-4255-A0A9-39B0FD921AE4}
	EndGlobalSection
EndGlobal
